
Microsoft Visual Studio Solution File, Format Version 12.00
# Visual Studio Version 16
VisualStudioVersion = 16.0.30907.101
MinimumVisualStudioVersion = 10.0.40219.1
Project("{9A19103F-16F7-4668-BE54-9A1E7A4F7556}") = "zhunting.api", "zhunting.api\zhunting.api.csproj", "{B54EC66D-9B9A-4595-BA48-E41E8D1560BB}"
EndProject
Project("{9A19103F-16F7-4668-BE54-9A1E7A4F7556}") = "zhunting.Data", "zhunting.Data\zhunting.Data.csproj", "{1EF20274-CEDD-4C65-956D-61757F1C42DE}"
EndProject
Project("{9A19103F-16F7-4668-BE54-9A1E7A4F7556}") = "zhunting.DataAccess", "zhunting.DataAccess\zhunting.DataAccess.csproj", "{A926B63F-86BD-4F54-836B-F8BC2F1D75E9}"
EndProject
Project("{FAE04EC0-301F-11D3-BF4B-00C04F79EFBC}") = "IdentityServer", "IdentityServer\IdentityServer.csproj", "{415EA695-DEF0-4B72-A422-7229C0947D1D}"
EndProject
Project("{FAE04EC0-301F-11D3-BF4B-00C04F79EFBC}") = "TestClient", "TestClient\TestClient.csproj", "{58DC7CCA-A3AF-45E9-B31A-6BF0B0FBAB39}"
EndProject
Global
	GlobalSection(SolutionConfigurationPlatforms) = preSolution
		Debug|Any CPU = Debug|Any CPU
		Release|Any CPU = Release|Any CPU
	EndGlobalSection
	GlobalSection(ProjectConfigurationPlatforms) = postSolution
		{B54EC66D-9B9A-4595-BA48-E41E8D1560BB}.Debug|Any CPU.ActiveCfg = Debug|Any CPU
		{B54EC66D-9B9A-4595-BA48-E41E8D1560BB}.Debug|Any CPU.Build.0 = Debug|Any CPU
		{B54EC66D-9B9A-4595-BA48-E41E8D1560BB}.Release|Any CPU.ActiveCfg = Release|Any CPU
		{B54EC66D-9B9A-4595-BA48-E41E8D1560BB}.Release|Any CPU.Build.0 = Release|Any CPU
		{1EF20274-CEDD-4C65-956D-61757F1C42DE}.Debug|Any CPU.ActiveCfg = Debug|Any CPU
		{1EF20274-CEDD-4C65-956D-61757F1C42DE}.Debug|Any CPU.Build.0 = Debug|Any CPU
		{1EF20274-CEDD-4C65-956D-61757F1C42DE}.Release|Any CPU.ActiveCfg = Release|Any CPU
		{1EF20274-CEDD-4C65-956D-61757F1C42DE}.Release|Any CPU.Build.0 = Release|Any CPU
		{A926B63F-86BD-4F54-836B-F8BC2F1D75E9}.Debug|Any CPU.ActiveCfg = Debug|Any CPU
		{A926B63F-86BD-4F54-836B-F8BC2F1D75E9}.Debug|Any CPU.Build.0 = Debug|Any CPU
		{A926B63F-86BD-4F54-836B-F8BC2F1D75E9}.Release|Any CPU.ActiveCfg = Release|Any CPU
		{A926B63F-86BD-4F54-836B-F8BC2F1D75E9}.Release|Any CPU.Build.0 = Release|Any CPU
		{415EA695-DEF0-4B72-A422-7229C0947D1D}.Debug|Any CPU.ActiveCfg = Debug|Any CPU
		{415EA695-DEF0-4B72-A422-7229C0947D1D}.Debug|Any CPU.Build.0 = Debug|Any CPU
		{415EA695-DEF0-4B72-A422-7229C0947D1D}.Release|Any CPU.ActiveCfg = Release|Any CPU
		{415EA695-DEF0-4B72-A422-7229C0947D1D}.Release|Any CPU.Build.0 = Release|Any CPU
		{58DC7CCA-A3AF-45E9-B31A-6BF0B0FBAB39}.Debug|Any CPU.ActiveCfg = Debug|Any CPU
		{58DC7CCA-A3AF-45E9-B31A-6BF0B0FBAB39}.Debug|Any CPU.Build.0 = Debug|Any CPU
		{58DC7CCA-A3AF-45E9-B31A-6BF0B0FBAB39}.Release|Any CPU.ActiveCfg = Release|Any CPU
		{58DC7CCA-A3AF-45E9-B31A-6BF0B0FBAB39}.Release|Any CPU.Build.0 = Release|Any CPU
	EndGlobalSection
	GlobalSection(SolutionProperties) = preSolution
		HideSolutionNode = FALSE
	EndGlobalSection
	GlobalSection(ExtensibilityGlobals) = postSolution
		SolutionGuid = {33E11A99-6F40-4B37-8BC9-0502D2FBEF1D}
	EndGlobalSection
EndGlobal
